
Microsoft Visual Studio Solution File, Format Version 12.00
# Visual Studio Version 17
VisualStudioVersion = 17.14.36301.6 d17.14
MinimumVisualStudioVersion = 10.0.40219.1
Project("{FAE04EC0-301F-11D3-BF4B-00C04F79EFBC}") = "Excercise2", "Excercise2.csproj", "{4C818518-0232-413D-8A23-EB63A3A10DEF}"
EndProject
Global
	GlobalSection(SolutionConfigurationPlatforms) = preSolution
		Debug|Any CPU = Debug|Any CPU
		Release|Any CPU = Release|Any CPU
	EndGlobalSection
	GlobalSection(ProjectConfigurationPlatforms) = postSolution
		{4C818518-0232-413D-8A23-EB63A3A10DEF}.Debug|Any CPU.ActiveCfg = Debug|Any CPU
		{4C818518-0232-413D-8A23-EB63A3A10DEF}.Debug|Any CPU.Build.0 = Debug|Any CPU
		{4C818518-0232-413D-8A23-EB63A3A10DEF}.Release|Any CPU.ActiveCfg = Release|Any CPU
		{4C818518-0232-413D-8A23-EB63A3A10DEF}.Release|Any CPU.Build.0 = Release|Any CPU
	EndGlobalSection
	GlobalSection(SolutionProperties) = preSolution
		HideSolutionNode = FALSE
	EndGlobalSection
	GlobalSection(ExtensibilityGlobals) = postSolution
		SolutionGuid = {14AB8748-1F37-4AD6-A1CC-DFF489C932C8}
	EndGlobalSection
EndGlobal
